Microsoft Visual Studio Solution File, Format Version 12.00
# Visual Studio Version 17
VisualStudioVersion = 17.5.2.0
MinimumVisualStudioVersion = 10.0.40219.1
Project("{FAE04EC0-301F-11D3-BF4B-00C04F79EFBC}") = "ModLogger", "ModLogger.csproj", "{D96E5433-7222-30E4-E4C9-97C321E17DE5}"
EndProject
Global
	GlobalSection(SolutionConfigurationPlatforms) = preSolution
		Debug|Any CPU = Debug|Any CPU
		Release|Any CPU = Release|Any CPU
	EndGlobalSection
	GlobalSection(ProjectConfigurationPlatforms) = postSolution
		{D96E5433-7222-30E4-E4C9-97C321E17DE5}.Debug|Any CPU.ActiveCfg = Debug|Any CPU
		{D96E5433-7222-30E4-E4C9-97C321E17DE5}.Debug|Any CPU.Build.0 = Debug|Any CPU
		{D96E5433-7222-30E4-E4C9-97C321E17DE5}.Release|Any CPU.ActiveCfg = Release|Any CPU
		{D96E5433-7222-30E4-E4C9-97C321E17DE5}.Release|Any CPU.Build.0 = Release|Any CPU
	EndGlobalSection
	GlobalSection(SolutionProperties) = preSolution
		HideSolutionNode = FALSE
	EndGlobalSection
	GlobalSection(ExtensibilityGlobals) = postSolution
		SolutionGuid = {FB640DF9-C760-49D6-930E-8A25E0CE672C}
	EndGlobalSection
EndGlobal
